
Microsoft Visual Studio Solution File, Format Version 12.00
# Visual Studio Version 17
VisualStudioVersion = 17.1.32421.90
MinimumVisualStudioVersion = 10.0.40219.1
Project("{FAE04EC0-301F-11D3-BF4B-00C04F79EFBC}") = "DuongGiaBao_Bigschool", "DuongGiaBao_Bigschool\DuongGiaBao_Bigschool.csproj", "{6968548A-8B29-459C-862F-F32722C2E90C}"
EndProject
Global
	GlobalSection(SolutionConfigurationPlatforms) = preSolution
		Debug|Any CPU = Debug|Any CPU
		Release|Any CPU = Release|Any CPU
	EndGlobalSection
	GlobalSection(ProjectConfigurationPlatforms) = postSolution
		{6968548A-8B29-459C-862F-F32722C2E90C}.Debug|Any CPU.ActiveCfg = Debug|Any CPU
		{6968548A-8B29-459C-862F-F32722C2E90C}.Debug|Any CPU.Build.0 = Debug|Any CPU
		{6968548A-8B29-459C-862F-F32722C2E90C}.Release|Any CPU.ActiveCfg = Release|Any CPU
		{6968548A-8B29-459C-862F-F32722C2E90C}.Release|Any CPU.Build.0 = Release|Any CPU
	EndGlobalSection
	GlobalSection(SolutionProperties) = preSolution
		HideSolutionNode = FALSE
	EndGlobalSection
	GlobalSection(ExtensibilityGlobals) = postSolution
		SolutionGuid = {F60CF553-33EC-4388-B2ED-3B63FDFEF401}
	EndGlobalSection
EndGlobal
